
Microsoft Visual Studio Solution File, Format Version 12.00
# Visual Studio Version 17
VisualStudioVersion = 17.7.34024.191
MinimumVisualStudioVersion = 10.0.40219.1
Project("{FAE04EC0-301F-11D3-BF4B-00C04F79EFBC}") = "Practice2", "Practice2\Practice2.csproj", "{BA7BA5FA-441A-448D-91B3-7FD65C1C5DF1}"
EndProject
Global
	GlobalSection(SolutionConfigurationPlatforms) = preSolution
		Debug|Any CPU = Debug|Any CPU
		Release|Any CPU = Release|Any CPU
	EndGlobalSection
	GlobalSection(ProjectConfigurationPlatforms) = postSolution
		{BA7BA5FA-441A-448D-91B3-7FD65C1C5DF1}.Debug|Any CPU.ActiveCfg = Debug|Any CPU
		{BA7BA5FA-441A-448D-91B3-7FD65C1C5DF1}.Debug|Any CPU.Build.0 = Debug|Any CPU
		{BA7BA5FA-441A-448D-91B3-7FD65C1C5DF1}.Release|Any CPU.ActiveCfg = Release|Any CPU
		{BA7BA5FA-441A-448D-91B3-7FD65C1C5DF1}.Release|Any CPU.Build.0 = Release|Any CPU
	EndGlobalSection
	GlobalSection(SolutionProperties) = preSolution
		HideSolutionNode = FALSE
	EndGlobalSection
	GlobalSection(ExtensibilityGlobals) = postSolution
		SolutionGuid = {548F663A-55BA-4975-BA3F-23146B8EB4F1}
	EndGlobalSection
EndGlobal
